
Microsoft Visual Studio Solution File, Format Version 12.00
# Visual Studio Version 16
VisualStudioVersion = 16.0.31025.194
MinimumVisualStudioVersion = 10.0.40219.1
Project("{9A19103F-16F7-4668-BE54-9A1E7A4F7556}") = "CodingExercisePaymentGateway", "CodingExercisePaymentGateway\CodingExercisePaymentGateway.csproj", "{1CF4E233-91AA-48A4-94D4-19AC742BA4D6}"
EndProject
Project("{9A19103F-16F7-4668-BE54-9A1E7A4F7556}") = "CodingExercisePaymentGateway.Data", "CodingExercisePaymentGateway.Data\CodingExercisePaymentGateway.Data.csproj", "{3E8DCA73-96AE-4B7F-990D-1A1FB25DEB32}"
EndProject
Project("{2150E333-8FDC-42A3-9474-1A3956D46DE8}") = "Test", "Test", "{6878E285-1778-44D6-A0E4-96F02AEB5E28}"
EndProject
Project("{FAE04EC0-301F-11D3-BF4B-00C04F79EFBC}") = "CodingExercisePaymentGateway.Test", "CodingExercisePaymentGateway.Test\CodingExercisePaymentGateway.Test.csproj", "{374FB47C-7FCB-4BC9-B4B8-971EDF5208FA}"
EndProject
Global
	GlobalSection(SolutionConfigurationPlatforms) = preSolution
		Debug|Any CPU = Debug|Any CPU
		Release|Any CPU = Release|Any CPU
	EndGlobalSection
	GlobalSection(ProjectConfigurationPlatforms) = postSolution
		{1CF4E233-91AA-48A4-94D4-19AC742BA4D6}.Debug|Any CPU.ActiveCfg = Debug|Any CPU
		{1CF4E233-91AA-48A4-94D4-19AC742BA4D6}.Debug|Any CPU.Build.0 = Debug|Any CPU
		{1CF4E233-91AA-48A4-94D4-19AC742BA4D6}.Release|Any CPU.ActiveCfg = Release|Any CPU
		{1CF4E233-91AA-48A4-94D4-19AC742BA4D6}.Release|Any CPU.Build.0 = Release|Any CPU
		{3E8DCA73-96AE-4B7F-990D-1A1FB25DEB32}.Debug|Any CPU.ActiveCfg = Debug|Any CPU
		{3E8DCA73-96AE-4B7F-990D-1A1FB25DEB32}.Debug|Any CPU.Build.0 = Debug|Any CPU
		{3E8DCA73-96AE-4B7F-990D-1A1FB25DEB32}.Release|Any CPU.ActiveCfg = Release|Any CPU
		{3E8DCA73-96AE-4B7F-990D-1A1FB25DEB32}.Release|Any CPU.Build.0 = Release|Any CPU
		{374FB47C-7FCB-4BC9-B4B8-971EDF5208FA}.Debug|Any CPU.ActiveCfg = Debug|Any CPU
		{374FB47C-7FCB-4BC9-B4B8-971EDF5208FA}.Debug|Any CPU.Build.0 = Debug|Any CPU
		{374FB47C-7FCB-4BC9-B4B8-971EDF5208FA}.Release|Any CPU.ActiveCfg = Release|Any CPU
		{374FB47C-7FCB-4BC9-B4B8-971EDF5208FA}.Release|Any CPU.Build.0 = Release|Any CPU
	EndGlobalSection
	GlobalSection(SolutionProperties) = preSolution
		HideSolutionNode = FALSE
	EndGlobalSection
	GlobalSection(NestedProjects) = preSolution
		{374FB47C-7FCB-4BC9-B4B8-971EDF5208FA} = {6878E285-1778-44D6-A0E4-96F02AEB5E28}
	EndGlobalSection
	GlobalSection(ExtensibilityGlobals) = postSolution
		SolutionGuid = {3271A374-3663-4CCB-A926-8C3B1A1483F2}
	EndGlobalSection
EndGlobal
